{
  "version": 4,
  "terraform_version": "1.12.2",
  "serial": 1,
  "lineage": "a4fc872f-619d-47a6-e611-7fb8a9734df5",
  "outputs": {
    "resource_group_name": {
      "value": "my-tf-rg",
      "type": "string"
    }
  },
  "resources": [
    {
      "mode": "managed",
      "type": "azurerm_resource_group",
      "name": "example",
      "provider": "provider[\"registry.terraform.io/hashicorp/azurerm\"]",
      "instances": [
        {
          "schema_version": 0,
          "attributes": {
            "id": "/subscriptions/940c7233-0ba0-43f7-98e4-4e2bf455d70d/resourceGroups/my-tf-rg",
            "location": "eastus",
            "managed_by": "",
            "name": "my-tf-rg",
            "tags": null,
            "timeouts": null
          },
          "sensitive_attributes": [],
          "identity_schema_version": 0,
          "private": "eyJlMmJmYjczMC1lY2FhLTExZTYtOGY4OC0zNDM2M2JjN2M0YzAiOnsiY3JlYXRlIjo1NDAwMDAwMDAwMDAwLCJkZWxldGUiOjU0MDAwMDAwMDAwMDAsInJlYWQiOjMwMDAwMDAwMDAwMCwidXBkYXRlIjo1NDAwMDAwMDAwMDAwfX0="
        }
      ]
    }
  ],
  "check_results": null
}
